name: 01-building-block
on: push
jobs:
  echo-hello:
     runs-on: ubuntu-latest
     steps:
       - name: say hello
         run: "echo hello world"
  echo-goodbye:
       runs-on: ubuntu-latest
       steps:
         - name: say goodbye
           run: |
            echo "fail goodbye"
            exit 0

         - name: say true goodbye
           run: echo "say final bye"

